# This file is autogenerated, do not edit; changes may be undone by the next 'dep ensure'.


[[projects]]
  branch = "master"
  name = "github.com/bitrise-io/go-utils"
  packages = [
    "colorstring",
    "command",
    "errorutil",
    "fileutil",
    "log",
    "pathutil",
    "sliceutil"
  ]
  revision = "2a09aab8380d7842750328aebd5671bcccea89c8"

[[projects]]
  branch = "master"
  name = "github.com/bitrise-tools/go-steputils"
  packages = [
    "input",
    "tools"
  ]
  revision = "ec226b2359fcd806be64f0ad2217d8e741a1ff11"

[[projects]]
  name = "github.com/pkg/errors"
  packages = ["."]
  revision = "645ef00459ed84a119197bfb8d8205042c6df63d"
  version = "v0.8.0"

[[projects]]
  branch = "master"
  name = "google.golang.org/api"
  packages = [
    "gensupport",
    "googleapi",
    "googleapi/internal/uritemplates",
    "testing/v1",
    "toolresults/v1beta3"
  ]
  revision = "83a9d304b1e613fc253e1e2710778642fe81af53"

[solve-meta]
  analyzer-name = "dep"
  analyzer-version = 1
  inputs-digest = "e3975d9eb7bed5a7f831296e4e9ac0b50e6b53020db08630411e585b8b451449"
  solver-name = "gps-cdcl"
  solver-version = 1
